
Microsoft Visual Studio Solution File, Format Version 12.00
# Visual Studio Version 17
VisualStudioVersion = 17.3.32901.215
MinimumVisualStudioVersion = 10.0.40219.1
Project("{FAE04EC0-301F-11D3-BF4B-00C04F79EFBC}") = "M2HW4", "M2HW4.csproj", "{6C46B092-BA75-4546-AB57-C525D5FE6983}"
EndProject
Global
	GlobalSection(SolutionConfigurationPlatforms) = preSolution
		Debug|Any CPU = Debug|Any CPU
		Release|Any CPU = Release|Any CPU
	EndGlobalSection
	GlobalSection(ProjectConfigurationPlatforms) = postSolution
		{6C46B092-BA75-4546-AB57-C525D5FE6983}.Debug|Any CPU.ActiveCfg = Debug|Any CPU
		{6C46B092-BA75-4546-AB57-C525D5FE6983}.Debug|Any CPU.Build.0 = Debug|Any CPU
		{6C46B092-BA75-4546-AB57-C525D5FE6983}.Release|Any CPU.ActiveCfg = Release|Any CPU
		{6C46B092-BA75-4546-AB57-C525D5FE6983}.Release|Any CPU.Build.0 = Release|Any CPU
	EndGlobalSection
	GlobalSection(SolutionProperties) = preSolution
		HideSolutionNode = FALSE
	EndGlobalSection
	GlobalSection(ExtensibilityGlobals) = postSolution
		SolutionGuid = {99F8527A-5E05-41C2-B5C3-B18E052F2D10}
	EndGlobalSection
EndGlobal
